
Microsoft Visual Studio Solution File, Format Version 12.00
# Visual Studio Version 17
VisualStudioVersion = 17.14.36301.6 d17.14
MinimumVisualStudioVersion = 10.0.40219.1
Project("{FAE04EC0-301F-11D3-BF4B-00C04F79EFBC}") = "app", "app\app.csproj", "{621CACC8-806A-44D4-B459-5F9BD07E715E}"
EndProject
Global
	GlobalSection(SolutionConfigurationPlatforms) = preSolution
		Debug|Any CPU = Debug|Any CPU
		Release|Any CPU = Release|Any CPU
	EndGlobalSection
	GlobalSection(ProjectConfigurationPlatforms) = postSolution
		{621CACC8-806A-44D4-B459-5F9BD07E715E}.Debug|Any CPU.ActiveCfg = Debug|Any CPU
		{621CACC8-806A-44D4-B459-5F9BD07E715E}.Debug|Any CPU.Build.0 = Debug|Any CPU
		{621CACC8-806A-44D4-B459-5F9BD07E715E}.Release|Any CPU.ActiveCfg = Release|Any CPU
		{621CACC8-806A-44D4-B459-5F9BD07E715E}.Release|Any CPU.Build.0 = Release|Any CPU
	EndGlobalSection
	GlobalSection(SolutionProperties) = preSolution
		HideSolutionNode = FALSE
	EndGlobalSection
	GlobalSection(ExtensibilityGlobals) = postSolution
		SolutionGuid = {1A7539A2-3BA6-41AD-86CE-5F75C712DD4B}
	EndGlobalSection
EndGlobal
